
Microsoft Visual Studio Solution File, Format Version 12.00
Project("{FAE04EC0-301F-11D3-BF4B-00C04F79EFBC}") = "VerboseVolume", "VerboseVolume\VerboseVolume.csproj", "{144C57B0-B9A4-42D9-BD26-1D85E0AAE943}"
EndProject
Global
	GlobalSection(SolutionConfigurationPlatforms) = preSolution
		Release-1.40.3|Any CPU = Release-1.40.3|Any CPU
		Debug-1.40.3|Any CPU = Debug-1.40.3|Any CPU
		Debug-1.37.1|Any CPU = Debug-1.37.1|Any CPU
		Release-1.37.1|Any CPU = Release-1.37.1|Any CPU
		Debug-1.29.1|Any CPU = Debug-1.29.1|Any CPU
		Release-1.29.1|Any CPU = Release-1.29.1|Any CPU
	EndGlobalSection
	GlobalSection(ProjectConfigurationPlatforms) = postSolution
		{144C57B0-B9A4-42D9-BD26-1D85E0AAE943}.Release-1.40.3|Any CPU.ActiveCfg = Release-1.40.3|Any CPU
		{144C57B0-B9A4-42D9-BD26-1D85E0AAE943}.Release-1.40.3|Any CPU.Build.0 = Release-1.40.3|Any CPU
		{144C57B0-B9A4-42D9-BD26-1D85E0AAE943}.Debug-1.40.3|Any CPU.ActiveCfg = Debug-1.40.3|Any CPU
		{144C57B0-B9A4-42D9-BD26-1D85E0AAE943}.Debug-1.40.3|Any CPU.Build.0 = Debug-1.40.3|Any CPU
		{144C57B0-B9A4-42D9-BD26-1D85E0AAE943}.Debug-1.37.1|Any CPU.ActiveCfg = Debug-1.37.1|Any CPU
		{144C57B0-B9A4-42D9-BD26-1D85E0AAE943}.Debug-1.37.1|Any CPU.Build.0 = Debug-1.37.1|Any CPU
		{144C57B0-B9A4-42D9-BD26-1D85E0AAE943}.Release-1.37.1|Any CPU.ActiveCfg = Release-1.37.1|Any CPU
		{144C57B0-B9A4-42D9-BD26-1D85E0AAE943}.Release-1.37.1|Any CPU.Build.0 = Release-1.37.1|Any CPU
		{144C57B0-B9A4-42D9-BD26-1D85E0AAE943}.Debug-1.29.1|Any CPU.ActiveCfg = Debug-1.29.1|Any CPU
		{144C57B0-B9A4-42D9-BD26-1D85E0AAE943}.Debug-1.29.1|Any CPU.Build.0 = Debug-1.29.1|Any CPU
		{144C57B0-B9A4-42D9-BD26-1D85E0AAE943}.Release-1.29.1|Any CPU.ActiveCfg = Release-1.29.1|Any CPU
		{144C57B0-B9A4-42D9-BD26-1D85E0AAE943}.Release-1.29.1|Any CPU.Build.0 = Release-1.29.1|Any CPU
	EndGlobalSection
EndGlobal
